{
    "_meta": {
        "hash": {
            "sha256": "3bea0cc4172ed9a3642a128c45c4e411a6fcf65b1b4f113c7f40ec69227f5574"
        },
        "pipfile-spec": 6,
        "requires": {
            "python_version": "3.8"
        },
        "sources": [
            {
                "name": "pypi",
                "url": "https://pypi.org/simple",
                "verify_ssl": true
            }
        ]
    },
    "default": {
        "pypdf2": {
            "hashes": [
                "sha256:733f24dd34a7b13205c47a63f1c1a13a1e9de6fca98c95b457994b2880398372",
                "sha256:b26078206221c6411ec97a5a5c08975ae79ba7ec467575d11477a99cce601eb9"
            ],
            "index": "pypi",
            "version": "==2.10.0"
        },
        "typing-extensions": {
            "hashes": [
                "sha256:25642c956049920a5aa49edcdd6ab1e06d7e5d467fc00e0506c44ac86fbfca02",
                "sha256:e6d2677a32f47fc7eb2795db1dd15c1f34eff616bcaf2cfb5e997f854fa1c4a6"
            ],
            "markers": "python_version < '3.10'",
            "version": "==4.3.0"
        }
    },
    "develop": {}
}
